
Microsoft Visual Studio Solution File, Format Version 12.00
# Visual Studio Version 16
VisualStudioVersion = 16.0.32630.194
MinimumVisualStudioVersion = 10.0.40219.1
Project("{FAE04EC0-301F-11D3-BF4B-00C04F79EFBC}") = "JogoCopos", "JogoCopos\JogoCopos.csproj", "{6C53524E-0CAC-4A29-9257-E17CFB6773F0}"
EndProject
Global
	GlobalSection(SolutionConfigurationPlatforms) = preSolution
		Debug|Any CPU = Debug|Any CPU
		Release|Any CPU = Release|Any CPU
	EndGlobalSection
	GlobalSection(ProjectConfigurationPlatforms) = postSolution
		{6C53524E-0CAC-4A29-9257-E17CFB6773F0}.Debug|Any CPU.ActiveCfg = Debug|Any CPU
		{6C53524E-0CAC-4A29-9257-E17CFB6773F0}.Debug|Any CPU.Build.0 = Debug|Any CPU
		{6C53524E-0CAC-4A29-9257-E17CFB6773F0}.Release|Any CPU.ActiveCfg = Release|Any CPU
		{6C53524E-0CAC-4A29-9257-E17CFB6773F0}.Release|Any CPU.Build.0 = Release|Any CPU
	EndGlobalSection
	GlobalSection(SolutionProperties) = preSolution
		HideSolutionNode = FALSE
	EndGlobalSection
	GlobalSection(ExtensibilityGlobals) = postSolution
		SolutionGuid = {2B21BC7E-C441-466D-9DD2-E268093FCC1D}
	EndGlobalSection
EndGlobal
